// !$*UTF8*$!
{
	archiveVersion = 1;
	classes = {
	};
	objectVersion = 50;
	objects = {

/* Begin PBXBuildFile section */
		3D1B75F62221771400429546 /* UIImage.swift in Sources */ = {isa = PBXBuildFile; fileRef = 3D1B75F52221771300429546 /* UIImage.swift */; };
		3D1B75F822217B5D00429546 /* README.md in Resources */ = {isa = PBXBuildFile; fileRef = 3D1B75F722217B5D00429546 /* README.md */; };
		3D4DC0C9222071600082B41A /* AppDelegate.swift in Sources */ = {isa = PBXBuildFile; fileRef = 3D4DC0C8222071600082B41A /* AppDelegate.swift */; };
		3D4DC0D0222071670082B41A /* Assets.xcassets in Resources */ = {isa = PBXBuildFile; fileRef = 3D4DC0CF222071670082B41A /* Assets.xcassets */; };
		3D4DC0D3222071670082B41A /* LaunchScreen.storyboard in Resources */ = {isa = PBXBuildFile; fileRef = 3D4DC0D1222071670082B41A /* LaunchScreen.storyboard */; };
		3D4DC0DE222071680082B41A /* TheMovieDBTests.swift in Sources */ = {isa = PBXBuildFile; fileRef = 3D4DC0DD222071680082B41A /* TheMovieDBTests.swift */; };
		3D4DC0E9222071680082B41A /* TheMovieDBUITests.swift in Sources */ = {isa = PBXBuildFile; fileRef = 3D4DC0E8222071680082B41A /* TheMovieDBUITests.swift */; };
		3D4DC1002220745C0082B41A /* MainInterfaces.swift in Sources */ = {isa = PBXBuildFile; fileRef = 3D4DC0FF2220745C0082B41A /* MainInterfaces.swift */; };
		3D4DC1022220746D0082B41A /* MainBuilder.swift in Sources */ = {isa = PBXBuildFile; fileRef = 3D4DC1012220746D0082B41A /* MainBuilder.swift */; };
		3D4DC105222074860082B41A /* MainViewController.swift in Sources */ = {isa = PBXBuildFile; fileRef = 3D4DC103222074860082B41A /* MainViewController.swift */; };
		3D4DC106222074860082B41A /* MainViewController.xib in Resources */ = {isa = PBXBuildFile; fileRef = 3D4DC104222074860082B41A /* MainViewController.xib */; };
		3D4DC108222074960082B41A /* MainPresenter.swift in Sources */ = {isa = PBXBuildFile; fileRef = 3D4DC107222074960082B41A /* MainPresenter.swift */; };
		3D4DC10A222074A10082B41A /* MainInteractor.swift in Sources */ = {isa = PBXBuildFile; fileRef = 3D4DC109222074A10082B41A /* MainInteractor.swift */; };
		3D4DC10C222074AA0082B41A /* MainRouter.swift in Sources */ = {isa = PBXBuildFile; fileRef = 3D4DC10B222074AA0082B41A /* MainRouter.swift */; };
		3D4DC10F222074D50082B41A /* BaseBuilder.swift in Sources */ = {isa = PBXBuildFile; fileRef = 3D4DC10E222074D50082B41A /* BaseBuilder.swift */; };
		3D4DC115222077300082B41A /* Constants.swift in Sources */ = {isa = PBXBuildFile; fileRef = 3D4DC114222077300082B41A /* Constants.swift */; };
		3D4DC118222078D90082B41A /* HelveticaNeue.ttc in Resources */ = {isa = PBXBuildFile; fileRef = 3D4DC117222078D90082B41A /* HelveticaNeue.ttc */; };
		3D4DC11A22207CCC0082B41A /* URLDataManager.swift in Sources */ = {isa = PBXBuildFile; fileRef = 3D4DC11922207CCC0082B41A /* URLDataManager.swift */; };
		3D4DC11C22207F8F0082B41A /* APIMovies.swift in Sources */ = {isa = PBXBuildFile; fileRef = 3D4DC11B22207F8F0082B41A /* APIMovies.swift */; };
		3D4DC11E2220801C0082B41A /* APIResult.swift in Sources */ = {isa = PBXBuildFile; fileRef = 3D4DC11D2220801C0082B41A /* APIResult.swift */; };
		3D4DC121222083E80082B41A /* MoviesManager.swift in Sources */ = {isa = PBXBuildFile; fileRef = 3D4DC120222083E80082B41A /* MoviesManager.swift */; };
		3D4DC1292220C0980082B41A /* UIApplication.swift in Sources */ = {isa = PBXBuildFile; fileRef = 3D4DC1282220C0980082B41A /* UIApplication.swift */; };
		3D4DC12B2220C0A10082B41A /* UIColor.swift in Sources */ = {isa = PBXBuildFile; fileRef = 3D4DC12A2220C0A10082B41A /* UIColor.swift */; };
		3D4DC12E2220C5FB0082B41A /* MoviesListInterfaces.swift in Sources */ = {isa = PBXBuildFile; fileRef = 3D4DC12D2220C5FB0082B41A /* MoviesListInterfaces.swift */; };
		3D4DC1302220C6060082B41A /* MoviesListBuilder.swift in Sources */ = {isa = PBXBuildFile; fileRef = 3D4DC12F2220C6060082B41A /* MoviesListBuilder.swift */; };
		3D4DC1332220C6170082B41A /* MoviesListViewController.swift in Sources */ = {isa = PBXBuildFile; fileRef = 3D4DC1312220C6170082B41A /* MoviesListViewController.swift */; };
		3D4DC1342220C6170082B41A /* MoviesListViewController.xib in Resources */ = {isa = PBXBuildFile; fileRef = 3D4DC1322220C6170082B41A /* MoviesListViewController.xib */; };
		3D4DC1362220C64D0082B41A /* MoviesListPresenter.swift in Sources */ = {isa = PBXBuildFile; fileRef = 3D4DC1352220C64D0082B41A /* MoviesListPresenter.swift */; };
		3D4DC1382220C6590082B41A /* MoviesListInteractor.swift in Sources */ = {isa = PBXBuildFile; fileRef = 3D4DC1372220C6590082B41A /* MoviesListInteractor.swift */; };
		3D4DC13A2220C6640082B41A /* MoviesListRouter.swift in Sources */ = {isa = PBXBuildFile; fileRef = 3D4DC1392220C6640082B41A /* MoviesListRouter.swift */; };
		3D4DC1402220D0A90082B41A /* MovieCollectionViewCell.swift in Sources */ = {isa = PBXBuildFile; fileRef = 3D4DC13E2220D0A90082B41A /* MovieCollectionViewCell.swift */; };
		3D4DC1412220D0A90082B41A /* MovieCollectionViewCell.xib in Resources */ = {isa = PBXBuildFile; fileRef = 3D4DC13F2220D0A90082B41A /* MovieCollectionViewCell.xib */; };
		49914BA7FB89C1528082E378 /* Pods_TheMovieDBUITests.framework in Frameworks */ = {isa = PBXBuildFile; fileRef = C31B105F817B3F3F74316C0C /* Pods_TheMovieDBUITests.framework */; };
		CBFD59F055426FDE99CD94FF /* Pods_TheMovieDBTests.framework in Frameworks */ = {isa = PBXBuildFile; fileRef = 96BA1DECD9B5027BCC6E6A0C /* Pods_TheMovieDBTests.framework */; };
		D94461B770AC56EFE99BFBF2 /* Pods_TheMovieDB.framework in Frameworks */ = {isa = PBXBuildFile; fileRef = 61666761B27E76E494FB92B8 /* Pods_TheMovieDB.framework */; };
/* End PBXBuildFile section */

/* Begin PBXContainerItemProxy section */
		3D4DC0DA222071680082B41A /* PBXContainerItemProxy */ = {
			isa = PBXContainerItemProxy;
			containerPortal = 3D4DC0BD222071600082B41A /* Project object */;
			proxyType = 1;
			remoteGlobalIDString = 3D4DC0C4222071600082B41A;
			remoteInfo = TheMovieDB;
		};
		3D4DC0E5222071680082B41A /* PBXContainerItemProxy */ = {
			isa = PBXContainerItemProxy;
			containerPortal = 3D4DC0BD222071600082B41A /* Project object */;
			proxyType = 1;
			remoteGlobalIDString = 3D4DC0C4222071600082B41A;
			remoteInfo = TheMovieDB;
		};
/* End PBXContainerItemProxy section */

/* Begin PBXFileReference section */
		04E1D87CAE5E177873D753C2 /* Pods-TheMovieDBUITests.release.xcconfig */ = {isa = PBXFileReference; includeInIndex = 1; lastKnownFileType = text.xcconfig; name = "Pods-TheMovieDBUITests.release.xcconfig"; path = "Pods/Target Support Files/Pods-TheMovieDBUITests/Pods-TheMovieDBUITests.release.xcconfig"; sourceTree = "<group>"; };
		0DC859987831AAA18FE7EA78 /* Pods-TheMovieDB.release.xcconfig */ = {isa = PBXFileReference; includeInIndex = 1; lastKnownFileType = text.xcconfig; name = "Pods-TheMovieDB.release.xcconfig"; path = "Pods/Target Support Files/Pods-TheMovieDB/Pods-TheMovieDB.release.xcconfig"; sourceTree = "<group>"; };
		1390E32EC3ACF19D6237A7D3 /* Pods-TheMovieDBUITests.debug.xcconfig */ = {isa = PBXFileReference; includeInIndex = 1; lastKnownFileType = text.xcconfig; name = "Pods-TheMovieDBUITests.debug.xcconfig"; path = "Pods/Target Support Files/Pods-TheMovieDBUITests/Pods-TheMovieDBUITests.debug.xcconfig"; sourceTree = "<group>"; };
		3D1B75F52221771300429546 /* UIImage.swift */ = {isa = PBXFileReference; lastKnownFileType = sourcecode.swift; path = UIImage.swift; sourceTree = "<group>"; };
		3D1B75F722217B5D00429546 /* README.md */ = {isa = PBXFileReference; fileEncoding = 4; lastKnownFileType = net.daringfireball.markdown; path = README.md; sourceTree = "<group>"; };
		3D4DC0C5222071600082B41A /* TheMovieDB.app */ = {isa = PBXFileReference; explicitFileType = wrapper.application; includeInIndex = 0; path = TheMovieDB.app; sourceTree = BUILT_PRODUCTS_DIR; };
		3D4DC0C8222071600082B41A /* AppDelegate.swift */ = {isa = PBXFileReference; lastKnownFileType = sourcecode.swift; path = AppDelegate.swift; sourceTree = "<group>"; };
		3D4DC0CF222071670082B41A /* Assets.xcassets */ = {isa = PBXFileReference; lastKnownFileType = folder.assetcatalog; path = Assets.xcassets; sourceTree = "<group>"; };
		3D4DC0D2222071670082B41A /* Base */ = {isa = PBXFileReference; lastKnownFileType = file.storyboard; name = Base; path = Base.lproj/LaunchScreen.storyboard; sourceTree = "<group>"; };
		3D4DC0D4222071670082B41A /* Info.plist */ = {isa = PBXFileReference; lastKnownFileType = text.plist.xml; path = Info.plist; sourceTree = "<group>"; };
		3D4DC0D9222071680082B41A /* TheMovieDBTests.xctest */ = {isa = PBXFileReference; explicitFileType = wrapper.cfbundle; includeInIndex = 0; path = TheMovieDBTests.xctest; sourceTree = BUILT_PRODUCTS_DIR; };
		3D4DC0DD222071680082B41A /* TheMovieDBTests.swift */ = {isa = PBXFileReference; lastKnownFileType = sourcecode.swift; path = TheMovieDBTests.swift; sourceTree = "<group>"; };
		3D4DC0DF222071680082B41A /* Info.plist */ = {isa = PBXFileReference; lastKnownFileType = text.plist.xml; path = Info.plist; sourceTree = "<group>"; };
		3D4DC0E4222071680082B41A /* TheMovieDBUITests.xctest */ = {isa = PBXFileReference; explicitFileType = wrapper.cfbundle; includeInIndex = 0; path = TheMovieDBUITests.xctest; sourceTree = BUILT_PRODUCTS_DIR; };
		3D4DC0E8222071680082B41A /* TheMovieDBUITests.swift */ = {isa = PBXFileReference; lastKnownFileType = sourcecode.swift; path = TheMovieDBUITests.swift; sourceTree = "<group>"; };
		3D4DC0EA222071680082B41A /* Info.plist */ = {isa = PBXFileReference; lastKnownFileType = text.plist.xml; path = Info.plist; sourceTree = "<group>"; };
		3D4DC0FF2220745C0082B41A /* MainInterfaces.swift */ = {isa = PBXFileReference; lastKnownFileType = sourcecode.swift; path = MainInterfaces.swift; sourceTree = "<group>"; };
		3D4DC1012220746D0082B41A /* MainBuilder.swift */ = {isa = PBXFileReference; lastKnownFileType = sourcecode.swift; path = MainBuilder.swift; sourceTree = "<group>"; };
		3D4DC103222074860082B41A /* MainViewController.swift */ = {isa = PBXFileReference; lastKnownFileType = sourcecode.swift; path = MainViewController.swift; sourceTree = "<group>"; };
		3D4DC104222074860082B41A /* MainViewController.xib */ = {isa = PBXFileReference; lastKnownFileType = file.xib; path = MainViewController.xib; sourceTree = "<group>"; };
		3D4DC107222074960082B41A /* MainPresenter.swift */ = {isa = PBXFileReference; lastKnownFileType = sourcecode.swift; path = MainPresenter.swift; sourceTree = "<group>"; };
		3D4DC109222074A10082B41A /* MainInteractor.swift */ = {isa = PBXFileReference; lastKnownFileType = sourcecode.swift; path = MainInteractor.swift; sourceTree = "<group>"; };
		3D4DC10B222074AA0082B41A /* MainRouter.swift */ = {isa = PBXFileReference; lastKnownFileType = sourcecode.swift; path = MainRouter.swift; sourceTree = "<group>"; };
		3D4DC10E222074D50082B41A /* BaseBuilder.swift */ = {isa = PBXFileReference; lastKnownFileType = sourcecode.swift; path = BaseBuilder.swift; sourceTree = "<group>"; };
		3D4DC114222077300082B41A /* Constants.swift */ = {isa = PBXFileReference; lastKnownFileType = sourcecode.swift; path = Constants.swift; sourceTree = "<group>"; };
		3D4DC117222078D90082B41A /* HelveticaNeue.ttc */ = {isa = PBXFileReference; lastKnownFileType = file; path = HelveticaNeue.ttc; sourceTree = "<group>"; };
		3D4DC11922207CCC0082B41A /* URLDataManager.swift */ = {isa = PBXFileReference; lastKnownFileType = sourcecode.swift; path = URLDataManager.swift; sourceTree = "<group>"; };
		3D4DC11B22207F8F0082B41A /* APIMovies.swift */ = {isa = PBXFileReference; lastKnownFileType = sourcecode.swift; path = APIMovies.swift; sourceTree = "<group>"; };
		3D4DC11D2220801C0082B41A /* APIResult.swift */ = {isa = PBXFileReference; lastKnownFileType = sourcecode.swift; path = APIResult.swift; sourceTree = "<group>"; };
		3D4DC120222083E80082B41A /* MoviesManager.swift */ = {isa = PBXFileReference; lastKnownFileType = sourcecode.swift; path = MoviesManager.swift; sourceTree = "<group>"; };
		3D4DC1282220C0980082B41A /* UIApplication.swift */ = {isa = PBXFileReference; lastKnownFileType = sourcecode.swift; path = UIApplication.swift; sourceTree = "<group>"; };
		3D4DC12A2220C0A10082B41A /* UIColor.swift */ = {isa = PBXFileReference; lastKnownFileType = sourcecode.swift; path = UIColor.swift; sourceTree = "<group>"; };
		3D4DC12D2220C5FB0082B41A /* MoviesListInterfaces.swift */ = {isa = PBXFileReference; lastKnownFileType = sourcecode.swift; path = MoviesListInterfaces.swift; sourceTree = "<group>"; };
		3D4DC12F2220C6060082B41A /* MoviesListBuilder.swift */ = {isa = PBXFileReference; lastKnownFileType = sourcecode.swift; path = MoviesListBuilder.swift; sourceTree = "<group>"; };
		3D4DC1312220C6170082B41A /* MoviesListViewController.swift */ = {isa = PBXFileReference; lastKnownFileType = sourcecode.swift; path = MoviesListViewController.swift; sourceTree = "<group>"; };
		3D4DC1322220C6170082B41A /* MoviesListViewController.xib */ = {isa = PBXFileReference; lastKnownFileType = file.xib; path = MoviesListViewController.xib; sourceTree = "<group>"; };
		3D4DC1352220C64D0082B41A /* MoviesListPresenter.swift */ = {isa = PBXFileReference; lastKnownFileType = sourcecode.swift; path = MoviesListPresenter.swift; sourceTree = "<group>"; };
		3D4DC1372220C6590082B41A /* MoviesListInteractor.swift */ = {isa = PBXFileReference; lastKnownFileType = sourcecode.swift; path = MoviesListInteractor.swift; sourceTree = "<group>"; };
		3D4DC1392220C6640082B41A /* MoviesListRouter.swift */ = {isa = PBXFileReference; lastKnownFileType = sourcecode.swift; path = MoviesListRouter.swift; sourceTree = "<group>"; };
		3D4DC13E2220D0A90082B41A /* MovieCollectionViewCell.swift */ = {isa = PBXFileReference; lastKnownFileType = sourcecode.swift; path = MovieCollectionViewCell.swift; sourceTree = "<group>"; };
		3D4DC13F2220D0A90082B41A /* MovieCollectionViewCell.xib */ = {isa = PBXFileReference; lastKnownFileType = file.xib; path = MovieCollectionViewCell.xib; sourceTree = "<group>"; };
		61666761B27E76E494FB92B8 /* Pods_TheMovieDB.framework */ = {isa = PBXFileReference; explicitFileType = wrapper.framework; includeInIndex = 0; path = Pods_TheMovieDB.framework; sourceTree = BUILT_PRODUCTS_DIR; };
		96BA1DECD9B5027BCC6E6A0C /* Pods_TheMovieDBTests.framework */ = {isa = PBXFileReference; explicitFileType = wrapper.framework; includeInIndex = 0; path = Pods_TheMovieDBTests.framework; sourceTree = BUILT_PRODUCTS_DIR; };
		A5615F31CE57B14C27A9BDE3 /* Pods-TheMovieDB.debug.xcconfig */ = {isa = PBXFileReference; includeInIndex = 1; lastKnownFileType = text.xcconfig; name = "Pods-TheMovieDB.debug.xcconfig"; path = "Pods/Target Support Files/Pods-TheMovieDB/Pods-TheMovieDB.debug.xcconfig"; sourceTree = "<group>"; };
		BA35BA9AD490D6224AA4831E /* Pods-TheMovieDBTests.release.xcconfig */ = {isa = PBXFileReference; includeInIndex = 1; lastKnownFileType = text.xcconfig; name = "Pods-TheMovieDBTests.release.xcconfig"; path = "Pods/Target Support Files/Pods-TheMovieDBTests/Pods-TheMovieDBTests.release.xcconfig"; sourceTree = "<group>"; };
		BD2C846B554F7CC418639A0F /* Pods-TheMovieDBTests.debug.xcconfig */ = {isa = PBXFileReference; includeInIndex = 1; lastKnownFileType = text.xcconfig; name = "Pods-TheMovieDBTests.debug.xcconfig"; path = "Pods/Target Support Files/Pods-TheMovieDBTests/Pods-TheMovieDBTests.debug.xcconfig"; sourceTree = "<group>"; };
		C31B105F817B3F3F74316C0C /* Pods_TheMovieDBUITests.framework */ = {isa = PBXFileReference; explicitFileType = wrapper.framework; includeInIndex = 0; path = Pods_TheMovieDBUITests.framework; sourceTree = BUILT_PRODUCTS_DIR; };
/* End PBXFileReference section */

/* Begin PBXFrameworksBuildPhase section */
		3D4DC0C2222071600082B41A /* Frameworks */ = {
			isa = PBXFrameworksBuildPhase;
			buildActionMask = 2147483647;
			files = (
				D94461B770AC56EFE99BFBF2 /* Pods_TheMovieDB.framework in Frameworks */,
			);
			runOnlyForDeploymentPostprocessing = 0;
		};
		3D4DC0D6222071680082B41A /* Frameworks */ = {
			isa = PBXFrameworksBuildPhase;
			buildActionMask = 2147483647;
			files = (
				CBFD59F055426FDE99CD94FF /* Pods_TheMovieDBTests.framework in Frameworks */,
			);
			runOnlyForDeploymentPostprocessing = 0;
		};
		3D4DC0E1222071680082B41A /* Frameworks */ = {
			isa = PBXFrameworksBuildPhase;
			buildActionMask = 2147483647;
			files = (
				49914BA7FB89C1528082E378 /* Pods_TheMovieDBUITests.framework in Frameworks */,
			);
			runOnlyForDeploymentPostprocessing = 0;
		};
/* End PBXFrameworksBuildPhase section */

/* Begin PBXGroup section */
		3D4DC0BC222071600082B41A = {
			isa = PBXGroup;
			children = (
				3D1B75F722217B5D00429546 /* README.md */,
				3D4DC0C7222071600082B41A /* TheMovieDB */,
				3D4DC0DC222071680082B41A /* TheMovieDBTests */,
				3D4DC0E7222071680082B41A /* TheMovieDBUITests */,
				3D4DC0C6222071600082B41A /* Products */,
				5AF04AC8E895552A9E579695 /* Pods */,
				D070102AA6C1BFB81CDE1658 /* Frameworks */,
			);
			sourceTree = "<group>";
		};
		3D4DC0C6222071600082B41A /* Products */ = {
			isa = PBXGroup;
			children = (
				3D4DC0C5222071600082B41A /* TheMovieDB.app */,
				3D4DC0D9222071680082B41A /* TheMovieDBTests.xctest */,
				3D4DC0E4222071680082B41A /* TheMovieDBUITests.xctest */,
			);
			name = Products;
			sourceTree = "<group>";
		};
		3D4DC0C7222071600082B41A /* TheMovieDB */ = {
			isa = PBXGroup;
			children = (
				3D4DC10D222074C00082B41A /* Base */,
				3D4DC0F6222072530082B41A /* Extensions */,
				3D4DC0F72220725F0082B41A /* Managers */,
				3D4DC0F8222072640082B41A /* Models */,
				3D4DC0F92220726A0082B41A /* Components */,
				3D4DC0FA222072710082B41A /* Scenes */,
				3D4DC113222077260082B41A /* Misc */,
				3D4DC0FC222072850082B41A /* Resources */,
				3D4DC0C8222071600082B41A /* AppDelegate.swift */,
				3D4DC0D1222071670082B41A /* LaunchScreen.storyboard */,
				3D4DC0D4222071670082B41A /* Info.plist */,
			);
			path = TheMovieDB;
			sourceTree = "<group>";
		};
		3D4DC0DC222071680082B41A /* TheMovieDBTests */ = {
			isa = PBXGroup;
			children = (
				3D4DC0DD222071680082B41A /* TheMovieDBTests.swift */,
				3D4DC0DF222071680082B41A /* Info.plist */,
			);
			path = TheMovieDBTests;
			sourceTree = "<group>";
		};
		3D4DC0E7222071680082B41A /* TheMovieDBUITests */ = {
			isa = PBXGroup;
			children = (
				3D4DC0E8222071680082B41A /* TheMovieDBUITests.swift */,
				3D4DC0EA222071680082B41A /* Info.plist */,
			);
			path = TheMovieDBUITests;
			sourceTree = "<group>";
		};
		3D4DC0F6222072530082B41A /* Extensions */ = {
			isa = PBXGroup;
			children = (
				3D4DC1282220C0980082B41A /* UIApplication.swift */,
				3D4DC12A2220C0A10082B41A /* UIColor.swift */,
				3D1B75F52221771300429546 /* UIImage.swift */,
			);
			path = Extensions;
			sourceTree = "<group>";
		};
		3D4DC0F72220725F0082B41A /* Managers */ = {
			isa = PBXGroup;
			children = (
				3D4DC120222083E80082B41A /* MoviesManager.swift */,
				3D4DC11922207CCC0082B41A /* URLDataManager.swift */,
			);
			path = Managers;
			sourceTree = "<group>";
		};
		3D4DC0F8222072640082B41A /* Models */ = {
			isa = PBXGroup;
			children = (
				3D4DC11B22207F8F0082B41A /* APIMovies.swift */,
				3D4DC11D2220801C0082B41A /* APIResult.swift */,
			);
			path = Models;
			sourceTree = "<group>";
		};
		3D4DC0F92220726A0082B41A /* Components */ = {
			isa = PBXGroup;
			children = (
				3D4DC13C2220D0720082B41A /* Cells */,
			);
			path = Components;
			sourceTree = "<group>";
		};
		3D4DC0FA222072710082B41A /* Scenes */ = {
			isa = PBXGroup;
			children = (
				3D4DC0FE222074440082B41A /* Main */,
				3D4DC12C2220C5020082B41A /* MoviesList */,
			);
			path = Scenes;
			sourceTree = "<group>";
		};
		3D4DC0FC222072850082B41A /* Resources */ = {
			isa = PBXGroup;
			children = (
				3D4DC0CF222071670082B41A /* Assets.xcassets */,
				3D4DC116222078D90082B41A /* Fonts */,
			);
			path = Resources;
			sourceTree = "<group>";
		};
		3D4DC0FE222074440082B41A /* Main */ = {
			isa = PBXGroup;
			children = (
				3D4DC0FF2220745C0082B41A /* MainInterfaces.swift */,
				3D4DC1012220746D0082B41A /* MainBuilder.swift */,
				3D4DC103222074860082B41A /* MainViewController.swift */,
				3D4DC104222074860082B41A /* MainViewController.xib */,
				3D4DC107222074960082B41A /* MainPresenter.swift */,
				3D4DC109222074A10082B41A /* MainInteractor.swift */,
				3D4DC10B222074AA0082B41A /* MainRouter.swift */,
			);
			path = Main;
			sourceTree = "<group>";
		};
		3D4DC10D222074C00082B41A /* Base */ = {
			isa = PBXGroup;
			children = (
				3D4DC10E222074D50082B41A /* BaseBuilder.swift */,
			);
			path = Base;
			sourceTree = "<group>";
		};
		3D4DC113222077260082B41A /* Misc */ = {
			isa = PBXGroup;
			children = (
				3D4DC114222077300082B41A /* Constants.swift */,
			);
			path = Misc;
			sourceTree = "<group>";
		};
		3D4DC116222078D90082B41A /* Fonts */ = {
			isa = PBXGroup;
			children = (
				3D4DC117222078D90082B41A /* HelveticaNeue.ttc */,
			);
			path = Fonts;
			sourceTree = "<group>";
		};
		3D4DC12C2220C5020082B41A /* MoviesList */ = {
			isa = PBXGroup;
			children = (
				3D4DC12D2220C5FB0082B41A /* MoviesListInterfaces.swift */,
				3D4DC12F2220C6060082B41A /* MoviesListBuilder.swift */,
				3D4DC1312220C6170082B41A /* MoviesListViewController.swift */,
				3D4DC1322220C6170082B41A /* MoviesListViewController.xib */,
				3D4DC1352220C64D0082B41A /* MoviesListPresenter.swift */,
				3D4DC1372220C6590082B41A /* MoviesListInteractor.swift */,
				3D4DC1392220C6640082B41A /* MoviesListRouter.swift */,
			);
			path = MoviesList;
			sourceTree = "<group>";
		};
		3D4DC13C2220D0720082B41A /* Cells */ = {
			isa = PBXGroup;
			children = (
				3D4DC13D2220D0810082B41A /* CollectionView */,
			);
			path = Cells;
			sourceTree = "<group>";
		};
		3D4DC13D2220D0810082B41A /* CollectionView */ = {
			isa = PBXGroup;
			children = (
				3D4DC13E2220D0A90082B41A /* MovieCollectionViewCell.swift */,
				3D4DC13F2220D0A90082B41A /* MovieCollectionViewCell.xib */,
			);
			path = CollectionView;
			sourceTree = "<group>";
		};
		5AF04AC8E895552A9E579695 /* Pods */ = {
			isa = PBXGroup;
			children = (
				A5615F31CE57B14C27A9BDE3 /* Pods-TheMovieDB.debug.xcconfig */,
				0DC859987831AAA18FE7EA78 /* Pods-TheMovieDB.release.xcconfig */,
				BD2C846B554F7CC418639A0F /* Pods-TheMovieDBTests.debug.xcconfig */,
				BA35BA9AD490D6224AA4831E /* Pods-TheMovieDBTests.release.xcconfig */,
				1390E32EC3ACF19D6237A7D3 /* Pods-TheMovieDBUITests.debug.xcconfig */,
				04E1D87CAE5E177873D753C2 /* Pods-TheMovieDBUITests.release.xcconfig */,
			);
			name = Pods;
			sourceTree = "<group>";
		};
		D070102AA6C1BFB81CDE1658 /* Frameworks */ = {
			isa = PBXGroup;
			children = (
				61666761B27E76E494FB92B8 /* Pods_TheMovieDB.framework */,
				96BA1DECD9B5027BCC6E6A0C /* Pods_TheMovieDBTests.framework */,
				C31B105F817B3F3F74316C0C /* Pods_TheMovieDBUITests.framework */,
			);
			name = Frameworks;
			sourceTree = "<group>";
		};
/* End PBXGroup section */

/* Begin PBXNativeTarget section */
		3D4DC0C4222071600082B41A /* TheMovieDB */ = {
			isa = PBXNativeTarget;
			buildConfigurationList = 3D4DC0ED222071680082B41A /* Build configuration list for PBXNativeTarget "TheMovieDB" */;
			buildPhases = (
				9B95191C7A5BB570F92F14F9 /* [CP] Check Pods Manifest.lock */,
				3D4DC0C1222071600082B41A /* Sources */,
				3D4DC0C2222071600082B41A /* Frameworks */,
				3D4DC0C3222071600082B41A /* Resources */,
				C2F9A4609871080377653580 /* [CP] Embed Pods Frameworks */,
			);
			buildRules = (
			);
			dependencies = (
			);
			name = TheMovieDB;
			productName = TheMovieDB;
			productReference = 3D4DC0C5222071600082B41A /* TheMovieDB.app */;
			productType = "com.apple.product-type.application";
		};
		3D4DC0D8222071680082B41A /* TheMovieDBTests */ = {
			isa = PBXNativeTarget;
			buildConfigurationList = 3D4DC0F0222071680082B41A /* Build configuration list for PBXNativeTarget "TheMovieDBTests" */;
			buildPhases = (
				D2EA860AF717D93EA42C6BD9 /* [CP] Check Pods Manifest.lock */,
				3D4DC0D5222071680082B41A /* Sources */,
				3D4DC0D6222071680082B41A /* Frameworks */,
				3D4DC0D7222071680082B41A /* Resources */,
			);
			buildRules = (
			);
			dependencies = (
				3D4DC0DB222071680082B41A /* PBXTargetDependency */,
			);
			name = TheMovieDBTests;
			productName = TheMovieDBTests;
			productReference = 3D4DC0D9222071680082B41A /* TheMovieDBTests.xctest */;
			productType = "com.apple.product-type.bundle.unit-test";
		};
		3D4DC0E3222071680082B41A /* TheMovieDBUITests */ = {
			isa = PBXNativeTarget;
			buildConfigurationList = 3D4DC0F3222071680082B41A /* Build configuration list for PBXNativeTarget "TheMovieDBUITests" */;
			buildPhases = (
				DC606A7D6A5E76919EE87599 /* [CP] Check Pods Manifest.lock */,
				3D4DC0E0222071680082B41A /* Sources */,
				3D4DC0E1222071680082B41A /* Frameworks */,
				3D4DC0E2222071680082B41A /* Resources */,
			);
			buildRules = (
			);
			dependencies = (
				3D4DC0E6222071680082B41A /* PBXTargetDependency */,
			);
			name = TheMovieDBUITests;
			productName = TheMovieDBUITests;
			productReference = 3D4DC0E4222071680082B41A /* TheMovieDBUITests.xctest */;
			productType = "com.apple.product-type.bundle.ui-testing";
		};
/* End PBXNativeTarget section */

/* Begin PBXProject section */
		3D4DC0BD222071600082B41A /* Project object */ = {
			isa = PBXProject;
			attributes = {
				LastSwiftUpdateCheck = 1010;
				LastUpgradeCheck = 1010;
				ORGANIZATIONNAME = "Miquel Masip";
				TargetAttributes = {
					3D4DC0C4222071600082B41A = {
						CreatedOnToolsVersion = 10.1;
					};
					3D4DC0D8222071680082B41A = {
						CreatedOnToolsVersion = 10.1;
						TestTargetID = 3D4DC0C4222071600082B41A;
					};
					3D4DC0E3222071680082B41A = {
						CreatedOnToolsVersion = 10.1;
						TestTargetID = 3D4DC0C4222071600082B41A;
					};
				};
			};
			buildConfigurationList = 3D4DC0C0222071600082B41A /* Build configuration list for PBXProject "TheMovieDB" */;
			compatibilityVersion = "Xcode 9.3";
			developmentRegion = en;
			hasScannedForEncodings = 0;
			knownRegions = (
				en,
				Base,
			);
			mainGroup = 3D4DC0BC222071600082B41A;
			productRefGroup = 3D4DC0C6222071600082B41A /* Products */;
			projectDirPath = "";
			projectRoot = "";
			targets = (
				3D4DC0C4222071600082B41A /* TheMovieDB */,
				3D4DC0D8222071680082B41A /* TheMovieDBTests */,
				3D4DC0E3222071680082B41A /* TheMovieDBUITests */,
			);
		};
/* End PBXProject section */

/* Begin PBXResourcesBuildPhase section */
		3D4DC0C3222071600082B41A /* Resources */ = {
			isa = PBXResourcesBuildPhase;
			buildActionMask = 2147483647;
			files = (
				3D4DC118222078D90082B41A /* HelveticaNeue.ttc in Resources */,
				3D4DC0D3222071670082B41A /* LaunchScreen.storyboard in Resources */,
				3D4DC1342220C6170082B41A /* MoviesListViewController.xib in Resources */,
				3D1B75F822217B5D00429546 /* README.md in Resources */,
				3D4DC0D0222071670082B41A /* Assets.xcassets in Resources */,
				3D4DC106222074860082B41A /* MainViewController.xib in Resources */,
				3D4DC1412220D0A90082B41A /* MovieCollectionViewCell.xib in Resources */,
			);
			runOnlyForDeploymentPostprocessing = 0;
		};
		3D4DC0D7222071680082B41A /* Resources */ = {
			isa = PBXResourcesBuildPhase;
			buildActionMask = 2147483647;
			files = (
			);
			runOnlyForDeploymentPostprocessing = 0;
		};
		3D4DC0E2222071680082B41A /* Resources */ = {
			isa = PBXResourcesBuildPhase;
			buildActionMask = 2147483647;
			files = (
			);
			runOnlyForDeploymentPostprocessing = 0;
		};
/* End PBXResourcesBuildPhase section */

/* Begin PBXShellScriptBuildPhase section */
		9B95191C7A5BB570F92F14F9 /* [CP] Check Pods Manifest.lock */ = {
			isa = PBXShellScriptBuildPhase;
			buildActionMask = 2147483647;
			files = (
			);
			inputFileListPaths = (
			);
			inputPaths = (
				"${PODS_PODFILE_DIR_PATH}/Podfile.lock",
				"${PODS_ROOT}/Manifest.lock",
			);
			name = "[CP] Check Pods Manifest.lock";
			outputFileListPaths = (
			);
			outputPaths = (
				"$(DERIVED_FILE_DIR)/Pods-TheMovieDB-checkManifestLockResult.txt",
			);
			runOnlyForDeploymentPostprocessing = 0;
			shellPath = /bin/sh;
			shellScript = "diff \"${PODS_PODFILE_DIR_PATH}/Podfile.lock\" \"${PODS_ROOT}/Manifest.lock\" > /dev/null\nif [ $? != 0 ] ; then\n    # print error to STDERR\n    echo \"error: The sandbox is not in sync with the Podfile.lock. Run 'pod install' or update your CocoaPods installation.\" >&2\n    exit 1\nfi\n# This output is used by Xcode 'outputs' to avoid re-running this script phase.\necho \"SUCCESS\" > \"${SCRIPT_OUTPUT_FILE_0}\"\n";
			showEnvVarsInLog = 0;
		};
		C2F9A4609871080377653580 /* [CP] Embed Pods Frameworks */ = {
			isa = PBXShellScriptBuildPhase;
			buildActionMask = 2147483647;
			files = (
			);
			inputFileListPaths = (
			);
			inputPaths = (
				"${SRCROOT}/Pods/Target Support Files/Pods-TheMovieDB/Pods-TheMovieDB-frameworks.sh",
				"${BUILT_PRODUCTS_DIR}/Alamofire/Alamofire.framework",
				"${BUILT_PRODUCTS_DIR}/AlamofireImage/AlamofireImage.framework",
				"${BUILT_PRODUCTS_DIR}/MagazineLayout/MagazineLayout.framework",
				"${BUILT_PRODUCTS_DIR}/ObjectMapper/ObjectMapper.framework",
			);
			name = "[CP] Embed Pods Frameworks";
			outputFileListPaths = (
			);
			outputPaths = (
				"${TARGET_BUILD_DIR}/${FRAMEWORKS_FOLDER_PATH}/Alamofire.framework",
				"${TARGET_BUILD_DIR}/${FRAMEWORKS_FOLDER_PATH}/AlamofireImage.framework",
				"${TARGET_BUILD_DIR}/${FRAMEWORKS_FOLDER_PATH}/MagazineLayout.framework",
				"${TARGET_BUILD_DIR}/${FRAMEWORKS_FOLDER_PATH}/ObjectMapper.framework",
			);
			runOnlyForDeploymentPostprocessing = 0;
			shellPath = /bin/sh;
			shellScript = "\"${SRCROOT}/Pods/Target Support Files/Pods-TheMovieDB/Pods-TheMovieDB-frameworks.sh\"\n";
			showEnvVarsInLog = 0;
		};
		D2EA860AF717D93EA42C6BD9 /* [CP] Check Pods Manifest.lock */ = {
			isa = PBXShellScriptBuildPhase;
			buildActionMask = 2147483647;
			files = (
			);
			inputFileListPaths = (
			);
			inputPaths = (
				"${PODS_PODFILE_DIR_PATH}/Podfile.lock",
				"${PODS_ROOT}/Manifest.lock",
			);
			name = "[CP] Check Pods Manifest.lock";
			outputFileListPaths = (
			);
			outputPaths = (
				"$(DERIVED_FILE_DIR)/Pods-TheMovieDBTests-checkManifestLockResult.txt",
			);
			runOnlyForDeploymentPostprocessing = 0;
			shellPath = /bin/sh;
			shellScript = "diff \"${PODS_PODFILE_DIR_PATH}/Podfile.lock\" \"${PODS_ROOT}/Manifest.lock\" > /dev/null\nif [ $? != 0 ] ; then\n    # print error to STDERR\n    echo \"error: The sandbox is not in sync with the Podfile.lock. Run 'pod install' or update your CocoaPods installation.\" >&2\n    exit 1\nfi\n# This output is used by Xcode 'outputs' to avoid re-running this script phase.\necho \"SUCCESS\" > \"${SCRIPT_OUTPUT_FILE_0}\"\n";
			showEnvVarsInLog = 0;
		};
		DC606A7D6A5E76919EE87599 /* [CP] Check Pods Manifest.lock */ = {
			isa = PBXShellScriptBuildPhase;
			buildActionMask = 2147483647;
			files = (
			);
			inputFileListPaths = (
			);
			inputPaths = (
				"${PODS_PODFILE_DIR_PATH}/Podfile.lock",
				"${PODS_ROOT}/Manifest.lock",
			);
			name = "[CP] Check Pods Manifest.lock";
			outputFileListPaths = (
			);
			outputPaths = (
				"$(DERIVED_FILE_DIR)/Pods-TheMovieDBUITests-checkManifestLockResult.txt",
			);
			runOnlyForDeploymentPostprocessing = 0;
			shellPath = /bin/sh;
			shellScript = "diff \"${PODS_PODFILE_DIR_PATH}/Podfile.lock\" \"${PODS_ROOT}/Manifest.lock\" > /dev/null\nif [ $? != 0 ] ; then\n    # print error to STDERR\n    echo \"error: The sandbox is not in sync with the Podfile.lock. Run 'pod install' or update your CocoaPods installation.\" >&2\n    exit 1\nfi\n# This output is used by Xcode 'outputs' to avoid re-running this script phase.\necho \"SUCCESS\" > \"${SCRIPT_OUTPUT_FILE_0}\"\n";
			showEnvVarsInLog = 0;
		};
/* End PBXShellScriptBuildPhase section */

/* Begin PBXSourcesBuildPhase section */
		3D4DC0C1222071600082B41A /* Sources */ = {
			isa = PBXSourcesBuildPhase;
			buildActionMask = 2147483647;
			files = (
				3D4DC1022220746D0082B41A /* MainBuilder.swift in Sources */,
				3D4DC10C222074AA0082B41A /* MainRouter.swift in Sources */,
				3D4DC108222074960082B41A /* MainPresenter.swift in Sources */,
				3D4DC1292220C0980082B41A /* UIApplication.swift in Sources */,
				3D4DC11C22207F8F0082B41A /* APIMovies.swift in Sources */,
				3D4DC12B2220C0A10082B41A /* UIColor.swift in Sources */,
				3D4DC1002220745C0082B41A /* MainInterfaces.swift in Sources */,
				3D4DC121222083E80082B41A /* MoviesManager.swift in Sources */,
				3D4DC12E2220C5FB0082B41A /* MoviesListInterfaces.swift in Sources */,
				3D4DC1362220C64D0082B41A /* MoviesListPresenter.swift in Sources */,
				3D4DC115222077300082B41A /* Constants.swift in Sources */,
				3D4DC0C9222071600082B41A /* AppDelegate.swift in Sources */,
				3D4DC1332220C6170082B41A /* MoviesListViewController.swift in Sources */,
				3D4DC10A222074A10082B41A /* MainInteractor.swift in Sources */,
				3D4DC105222074860082B41A /* MainViewController.swift in Sources */,
				3D4DC13A2220C6640082B41A /* MoviesListRouter.swift in Sources */,
				3D4DC10F222074D50082B41A /* BaseBuilder.swift in Sources */,
				3D4DC11A22207CCC0082B41A /* URLDataManager.swift in Sources */,
				3D4DC11E2220801C0082B41A /* APIResult.swift in Sources */,
				3D1B75F62221771400429546 /* UIImage.swift in Sources */,
				3D4DC1402220D0A90082B41A /* MovieCollectionViewCell.swift in Sources */,
				3D4DC1302220C6060082B41A /* MoviesListBuilder.swift in Sources */,
				3D4DC1382220C6590082B41A /* MoviesListInteractor.swift in Sources */,
			);
			runOnlyForDeploymentPostprocessing = 0;
		};
		3D4DC0D5222071680082B41A /* Sources */ = {
			isa = PBXSourcesBuildPhase;
			buildActionMask = 2147483647;
			files = (
				3D4DC0DE222071680082B41A /* TheMovieDBTests.swift in Sources */,
			);
			runOnlyForDeploymentPostprocessing = 0;
		};
		3D4DC0E0222071680082B41A /* Sources */ = {
			isa = PBXSourcesBuildPhase;
			buildActionMask = 2147483647;
			files = (
				3D4DC0E9222071680082B41A /* TheMovieDBUITests.swift in Sources */,
			);
			runOnlyForDeploymentPostprocessing = 0;
		};
/* End PBXSourcesBuildPhase section */

/* Begin PBXTargetDependency section */
		3D4DC0DB222071680082B41A /* PBXTargetDependency */ = {
			isa = PBXTargetDependency;
			target = 3D4DC0C4222071600082B41A /* TheMovieDB */;
			targetProxy = 3D4DC0DA222071680082B41A /* PBXContainerItemProxy */;
		};
		3D4DC0E6222071680082B41A /* PBXTargetDependency */ = {
			isa = PBXTargetDependency;
			target = 3D4DC0C4222071600082B41A /* TheMovieDB */;
			targetProxy = 3D4DC0E5222071680082B41A /* PBXContainerItemProxy */;
		};
/* End PBXTargetDependency section */

/* Begin PBXVariantGroup section */
		3D4DC0D1222071670082B41A /* LaunchScreen.storyboard */ = {
			isa = PBXVariantGroup;
			children = (
				3D4DC0D2222071670082B41A /* Base */,
			);
			name = LaunchScreen.storyboard;
			sourceTree = "<group>";
		};
/* End PBXVariantGroup section */

/* Begin XCBuildConfiguration section */
		3D4DC0EB222071680082B41A /* Debug */ = {
			isa = XCBuildConfiguration;
			buildSettings = {
				ALWAYS_SEARCH_USER_PATHS = NO;
				CLANG_ANALYZER_NONNULL = YES;
				CLANG_ANALYZER_NUMBER_OBJECT_CONVERSION = YES_AGGRESSIVE;
				CLANG_CXX_LANGUAGE_STANDARD = "gnu++14";
				CLANG_CXX_LIBRARY = "libc++";
				CLANG_ENABLE_MODULES = YES;
				CLANG_ENABLE_OBJC_ARC = YES;
				CLANG_ENABLE_OBJC_WEAK = YES;
				CLANG_WARN_BLOCK_CAPTURE_AUTORELEASING = YES;
				CLANG_WARN_BOOL_CONVERSION = YES;
				CLANG_WARN_COMMA = YES;
				CLANG_WARN_CONSTANT_CONVERSION = YES;
				CLANG_WARN_DEPRECATED_OBJC_IMPLEMENTATIONS = YES;
				CLANG_WARN_DIRECT_OBJC_ISA_USAGE = YES_ERROR;
				CLANG_WARN_DOCUMENTATION_COMMENTS = YES;
				CLANG_WARN_EMPTY_BODY = YES;
				CLANG_WARN_ENUM_CONVERSION = YES;
				CLANG_WARN_INFINITE_RECURSION = YES;
				CLANG_WARN_INT_CONVERSION = YES;
				CLANG_WARN_NON_LITERAL_NULL_CONVERSION = YES;
				CLANG_WARN_OBJC_IMPLICIT_RETAIN_SELF = YES;
				CLANG_WARN_OBJC_LITERAL_CONVERSION = YES;
				CLANG_WARN_OBJC_ROOT_CLASS = YES_ERROR;
				CLANG_WARN_RANGE_LOOP_ANALYSIS = YES;
				CLANG_WARN_STRICT_PROTOTYPES = YES;
				CLANG_WARN_SUSPICIOUS_MOVE = YES;
				CLANG_WARN_UNGUARDED_AVAILABILITY = YES_AGGRESSIVE;
				CLANG_WARN_UNREACHABLE_CODE = YES;
				CLANG_WARN__DUPLICATE_METHOD_MATCH = YES;
				CODE_SIGN_IDENTITY = "iPhone Developer";
				COPY_PHASE_STRIP = NO;
				DEBUG_INFORMATION_FORMAT = dwarf;
				ENABLE_STRICT_OBJC_MSGSEND = YES;
				ENABLE_TESTABILITY = YES;
				GCC_C_LANGUAGE_STANDARD = gnu11;
				GCC_DYNAMIC_NO_PIC = NO;
				GCC_NO_COMMON_BLOCKS = YES;
				GCC_OPTIMIZATION_LEVEL = 0;
				GCC_PREPROCESSOR_DEFINITIONS = (
					"DEBUG=1",
					"$(inherited)",
				);
				GCC_WARN_64_TO_32_BIT_CONVERSION = YES;
				GCC_WARN_ABOUT_RETURN_TYPE = YES_ERROR;
				GCC_WARN_UNDECLARED_SELECTOR = YES;
				GCC_WARN_UNINITIALIZED_AUTOS = YES_AGGRESSIVE;
				GCC_WARN_UNUSED_FUNCTION = YES;
				GCC_WARN_UNUSED_VARIABLE = YES;
				IPHONEOS_DEPLOYMENT_TARGET = 10.0;
				MTL_ENABLE_DEBUG_INFO = INCLUDE_SOURCE;
				MTL_FAST_MATH = YES;
				ONLY_ACTIVE_ARCH = YES;
				SDKROOT = iphoneos;
				SWIFT_ACTIVE_COMPILATION_CONDITIONS = DEBUG;
				SWIFT_OPTIMIZATION_LEVEL = "-Onone";
			};
			name = Debug;
		};
		3D4DC0EC222071680082B41A /* Release */ = {
			isa = XCBuildConfiguration;
			buildSettings = {
				ALWAYS_SEARCH_USER_PATHS = NO;
				CLANG_ANALYZER_NONNULL = YES;
				CLANG_ANALYZER_NUMBER_OBJECT_CONVERSION = YES_AGGRESSIVE;
				CLANG_CXX_LANGUAGE_STANDARD = "gnu++14";
				CLANG_CXX_LIBRARY = "libc++";
				CLANG_ENABLE_MODULES = YES;
				CLANG_ENABLE_OBJC_ARC = YES;
				CLANG_ENABLE_OBJC_WEAK = YES;
				CLANG_WARN_BLOCK_CAPTURE_AUTORELEASING = YES;
				CLANG_WARN_BOOL_CONVERSION = YES;
				CLANG_WARN_COMMA = YES;
				CLANG_WARN_CONSTANT_CONVERSION = YES;
				CLANG_WARN_DEPRECATED_OBJC_IMPLEMENTATIONS = YES;
				CLANG_WARN_DIRECT_OBJC_ISA_USAGE = YES_ERROR;
				CLANG_WARN_DOCUMENTATION_COMMENTS = YES;
				CLANG_WARN_EMPTY_BODY = YES;
				CLANG_WARN_ENUM_CONVERSION = YES;
				CLANG_WARN_INFINITE_RECURSION = YES;
				CLANG_WARN_INT_CONVERSION = YES;
				CLANG_WARN_NON_LITERAL_NULL_CONVERSION = YES;
				CLANG_WARN_OBJC_IMPLICIT_RETAIN_SELF = YES;
				CLANG_WARN_OBJC_LITERAL_CONVERSION = YES;
				CLANG_WARN_OBJC_ROOT_CLASS = YES_ERROR;
				CLANG_WARN_RANGE_LOOP_ANALYSIS = YES;
				CLANG_WARN_STRICT_PROTOTYPES = YES;
				CLANG_WARN_SUSPICIOUS_MOVE = YES;
				CLANG_WARN_UNGUARDED_AVAILABILITY = YES_AGGRESSIVE;
				CLANG_WARN_UNREACHABLE_CODE = YES;
				CLANG_WARN__DUPLICATE_METHOD_MATCH = YES;
				CODE_SIGN_IDENTITY = "iPhone Developer";
				COPY_PHASE_STRIP = NO;
				DEBUG_INFORMATION_FORMAT = "dwarf-with-dsym";
				ENABLE_NS_ASSERTIONS = NO;
				ENABLE_STRICT_OBJC_MSGSEND = YES;
				GCC_C_LANGUAGE_STANDARD = gnu11;
				GCC_NO_COMMON_BLOCKS = YES;
				GCC_WARN_64_TO_32_BIT_CONVERSION = YES;
				GCC_WARN_ABOUT_RETURN_TYPE = YES_ERROR;
				GCC_WARN_UNDECLARED_SELECTOR = YES;
				GCC_WARN_UNINITIALIZED_AUTOS = YES_AGGRESSIVE;
				GCC_WARN_UNUSED_FUNCTION = YES;
				GCC_WARN_UNUSED_VARIABLE = YES;
				IPHONEOS_DEPLOYMENT_TARGET = 10.0;
				MTL_ENABLE_DEBUG_INFO = NO;
				MTL_FAST_MATH = YES;
				SDKROOT = iphoneos;
				SWIFT_COMPILATION_MODE = wholemodule;
				SWIFT_OPTIMIZATION_LEVEL = "-O";
				VALIDATE_PRODUCT = YES;
			};
			name = Release;
		};
		3D4DC0EE222071680082B41A /* Debug */ = {
			isa = XCBuildConfiguration;
			baseConfigurationReference = A5615F31CE57B14C27A9BDE3 /* Pods-TheMovieDB.debug.xcconfig */;
			buildSettings = {
				ASSETCATALOG_COMPILER_APPICON_NAME = AppIcon;
				CODE_SIGN_STYLE = Automatic;
				INFOPLIST_FILE = TheMovieDB/Info.plist;
				LD_RUNPATH_SEARCH_PATHS = (
					"$(inherited)",
					"@executable_path/Frameworks",
				);
				PRODUCT_BUNDLE_IDENTIFIER = com.miquel.masip.TheMovieDB;
				PRODUCT_NAME = "$(TARGET_NAME)";
				SWIFT_VERSION = 4.2;
				TARGETED_DEVICE_FAMILY = 1;
			};
			name = Debug;
		};
		3D4DC0EF222071680082B41A /* Release */ = {
			isa = XCBuildConfiguration;
			baseConfigurationReference = 0DC859987831AAA18FE7EA78 /* Pods-TheMovieDB.release.xcconfig */;
			buildSettings = {
				ASSETCATALOG_COMPILER_APPICON_NAME = AppIcon;
				CODE_SIGN_STYLE = Automatic;
				INFOPLIST_FILE = TheMovieDB/Info.plist;
				LD_RUNPATH_SEARCH_PATHS = (
					"$(inherited)",
					"@executable_path/Frameworks",
				);
				PRODUCT_BUNDLE_IDENTIFIER = com.miquel.masip.TheMovieDB;
				PRODUCT_NAME = "$(TARGET_NAME)";
				SWIFT_VERSION = 4.2;
				TARGETED_DEVICE_FAMILY = 1;
			};
			name = Release;
		};
		3D4DC0F1222071680082B41A /* Debug */ = {
			isa = XCBuildConfiguration;
			baseConfigurationReference = BD2C846B554F7CC418639A0F /* Pods-TheMovieDBTests.debug.xcconfig */;
			buildSettings = {
				ALWAYS_EMBED_SWIFT_STANDARD_LIBRARIES = YES;
				BUNDLE_LOADER = "$(TEST_HOST)";
				CODE_SIGN_STYLE = Automatic;
				INFOPLIST_FILE = TheMovieDBTests/Info.plist;
				LD_RUNPATH_SEARCH_PATHS = (
					"$(inherited)",
					"@executable_path/Frameworks",
					"@loader_path/Frameworks",
				);
				PRODUCT_BUNDLE_IDENTIFIER = com.miquel.masip.TheMovieDBTests;
				PRODUCT_NAME = "$(TARGET_NAME)";
				SWIFT_VERSION = 4.2;
				TARGETED_DEVICE_FAMILY = "1,2";
				TEST_HOST = "$(BUILT_PRODUCTS_DIR)/TheMovieDB.app/TheMovieDB";
			};
			name = Debug;
		};
		3D4DC0F2222071680082B41A /* Release */ = {
			isa = XCBuildConfiguration;
			baseConfigurationReference = BA35BA9AD490D6224AA4831E /* Pods-TheMovieDBTests.release.xcconfig */;
			buildSettings = {
				ALWAYS_EMBED_SWIFT_STANDARD_LIBRARIES = YES;
				BUNDLE_LOADER = "$(TEST_HOST)";
				CODE_SIGN_STYLE = Automatic;
				INFOPLIST_FILE = TheMovieDBTests/Info.plist;
				LD_RUNPATH_SEARCH_PATHS = (
					"$(inherited)",
					"@executable_path/Frameworks",
					"@loader_path/Frameworks",
				);
				PRODUCT_BUNDLE_IDENTIFIER = com.miquel.masip.TheMovieDBTests;
				PRODUCT_NAME = "$(TARGET_NAME)";
				SWIFT_VERSION = 4.2;
				TARGETED_DEVICE_FAMILY = "1,2";
				TEST_HOST = "$(BUILT_PRODUCTS_DIR)/TheMovieDB.app/TheMovieDB";
			};
			name = Release;
		};
		3D4DC0F4222071680082B41A /* Debug */ = {
			isa = XCBuildConfiguration;
			baseConfigurationReference = 1390E32EC3ACF19D6237A7D3 /* Pods-TheMovieDBUITests.debug.xcconfig */;
			buildSettings = {
				ALWAYS_EMBED_SWIFT_STANDARD_LIBRARIES = YES;
				CODE_SIGN_STYLE = Automatic;
				INFOPLIST_FILE = TheMovieDBUITests/Info.plist;
				LD_RUNPATH_SEARCH_PATHS = (
					"$(inherited)",
					"@executable_path/Frameworks",
					"@loader_path/Frameworks",
				);
				PRODUCT_BUNDLE_IDENTIFIER = com.miquel.masip.TheMovieDBUITests;
				PRODUCT_NAME = "$(TARGET_NAME)";
				SWIFT_VERSION = 4.2;
				TARGETED_DEVICE_FAMILY = "1,2";
				TEST_TARGET_NAME = TheMovieDB;
			};
			name = Debug;
		};
		3D4DC0F5222071680082B41A /* Release */ = {
			isa = XCBuildConfiguration;
			baseConfigurationReference = 04E1D87CAE5E177873D753C2 /* Pods-TheMovieDBUITests.release.xcconfig */;
			buildSettings = {
				ALWAYS_EMBED_SWIFT_STANDARD_LIBRARIES = YES;
				CODE_SIGN_STYLE = Automatic;
				INFOPLIST_FILE = TheMovieDBUITests/Info.plist;
				LD_RUNPATH_SEARCH_PATHS = (
					"$(inherited)",
					"@executable_path/Frameworks",
					"@loader_path/Frameworks",
				);
				PRODUCT_BUNDLE_IDENTIFIER = com.miquel.masip.TheMovieDBUITests;
				PRODUCT_NAME = "$(TARGET_NAME)";
				SWIFT_VERSION = 4.2;
				TARGETED_DEVICE_FAMILY = "1,2";
				TEST_TARGET_NAME = TheMovieDB;
			};
			name = Release;
		};
/* End XCBuildConfiguration section */

/* Begin XCConfigurationList section */
		3D4DC0C0222071600082B41A /* Build configuration list for PBXProject "TheMovieDB" */ = {
			isa = XCConfigurationList;
			buildConfigurations = (
				3D4DC0EB222071680082B41A /* Debug */,
				3D4DC0EC222071680082B41A /* Release */,
			);
			defaultConfigurationIsVisible = 0;
			defaultConfigurationName = Release;
		};
		3D4DC0ED222071680082B41A /* Build configuration list for PBXNativeTarget "TheMovieDB" */ = {
			isa = XCConfigurationList;
			buildConfigurations = (
				3D4DC0EE222071680082B41A /* Debug */,
				3D4DC0EF222071680082B41A /* Release */,
			);
			defaultConfigurationIsVisible = 0;
			defaultConfigurationName = Release;
		};
		3D4DC0F0222071680082B41A /* Build configuration list for PBXNativeTarget "TheMovieDBTests" */ = {
			isa = XCConfigurationList;
			buildConfigurations = (
				3D4DC0F1222071680082B41A /* Debug */,
				3D4DC0F2222071680082B41A /* Release */,
			);
			defaultConfigurationIsVisible = 0;
			defaultConfigurationName = Release;
		};
		3D4DC0F3222071680082B41A /* Build configuration list for PBXNativeTarget "TheMovieDBUITests" */ = {
			isa = XCConfigurationList;
			buildConfigurations = (
				3D4DC0F4222071680082B41A /* Debug */,
				3D4DC0F5222071680082B41A /* Release */,
			);
			defaultConfigurationIsVisible = 0;
			defaultConfigurationName = Release;
		};
/* End XCConfigurationList section */
	};
	rootObject = 3D4DC0BD222071600082B41A /* Project object */;
}
